
Microsoft Visual Studio Solution File, Format Version 12.00
# Visual Studio Version 16
VisualStudioVersion = 16.0.28803.452
MinimumVisualStudioVersion = 10.0.40219.1
Project("{FAE04EC0-301F-11D3-BF4B-00C04F79EFBC}") = "PICarHostService", "PICarHostService\PICarHostService.csproj", "{F7827EF8-E5A8-438F-9CEB-470F94726B9F}"
EndProject
Project("{FAE04EC0-301F-11D3-BF4B-00C04F79EFBC}") = "DesktopClient", "DesktopClient\DesktopClient.csproj", "{03423D5A-CF17-4F91-BB1E-FA3CF8D16955}"
EndProject
Project("{FAE04EC0-301F-11D3-BF4B-00C04F79EFBC}") = "PICarCamService", "D:\projects\CarCamServer\PICarCamService\PICarCamService.csproj", "{5F149637-18D8-48EF-A14F-4E438F8657B7}"
EndProject
Project("{FAE04EC0-301F-11D3-BF4B-00C04F79EFBC}") = "UltraborgLib", "..\UltraBorg\UltraBorg\UltraBorgLib\UltraborgLib.csproj", "{FEDF3EA9-1253-47AF-BC15-602A62FC0C73}"
EndProject
Global
	GlobalSection(SolutionConfigurationPlatforms) = preSolution
		Debug|Any CPU = Debug|Any CPU
		Debug|ARM = Debug|ARM
		Debug|ARM64 = Debug|ARM64
		Debug|x64 = Debug|x64
		Debug|x86 = Debug|x86
		Release|Any CPU = Release|Any CPU
		Release|ARM = Release|ARM
		Release|ARM64 = Release|ARM64
		Release|x64 = Release|x64
		Release|x86 = Release|x86
	EndGlobalSection
	GlobalSection(ProjectConfigurationPlatforms) = postSolution
		{F7827EF8-E5A8-438F-9CEB-470F94726B9F}.Debug|Any CPU.ActiveCfg = Debug|x86
		{F7827EF8-E5A8-438F-9CEB-470F94726B9F}.Debug|ARM.ActiveCfg = Debug|ARM
		{F7827EF8-E5A8-438F-9CEB-470F94726B9F}.Debug|ARM.Build.0 = Debug|ARM
		{F7827EF8-E5A8-438F-9CEB-470F94726B9F}.Debug|ARM.Deploy.0 = Debug|ARM
		{F7827EF8-E5A8-438F-9CEB-470F94726B9F}.Debug|ARM64.ActiveCfg = Debug|x86
		{F7827EF8-E5A8-438F-9CEB-470F94726B9F}.Debug|x64.ActiveCfg = Debug|x64
		{F7827EF8-E5A8-438F-9CEB-470F94726B9F}.Debug|x64.Build.0 = Debug|x64
		{F7827EF8-E5A8-438F-9CEB-470F94726B9F}.Debug|x64.Deploy.0 = Debug|x64
		{F7827EF8-E5A8-438F-9CEB-470F94726B9F}.Debug|x86.ActiveCfg = Debug|x86
		{F7827EF8-E5A8-438F-9CEB-470F94726B9F}.Debug|x86.Build.0 = Debug|x86
		{F7827EF8-E5A8-438F-9CEB-470F94726B9F}.Debug|x86.Deploy.0 = Debug|x86
		{F7827EF8-E5A8-438F-9CEB-470F94726B9F}.Release|Any CPU.ActiveCfg = Release|x86
		{F7827EF8-E5A8-438F-9CEB-470F94726B9F}.Release|ARM.ActiveCfg = Release|ARM
		{F7827EF8-E5A8-438F-9CEB-470F94726B9F}.Release|ARM.Build.0 = Release|ARM
		{F7827EF8-E5A8-438F-9CEB-470F94726B9F}.Release|ARM.Deploy.0 = Release|ARM
		{F7827EF8-E5A8-438F-9CEB-470F94726B9F}.Release|ARM64.ActiveCfg = Release|x86
		{F7827EF8-E5A8-438F-9CEB-470F94726B9F}.Release|x64.ActiveCfg = Release|x64
		{F7827EF8-E5A8-438F-9CEB-470F94726B9F}.Release|x64.Build.0 = Release|x64
		{F7827EF8-E5A8-438F-9CEB-470F94726B9F}.Release|x64.Deploy.0 = Release|x64
		{F7827EF8-E5A8-438F-9CEB-470F94726B9F}.Release|x86.ActiveCfg = Release|x86
		{F7827EF8-E5A8-438F-9CEB-470F94726B9F}.Release|x86.Build.0 = Release|x86
		{F7827EF8-E5A8-438F-9CEB-470F94726B9F}.Release|x86.Deploy.0 = Release|x86
		{03423D5A-CF17-4F91-BB1E-FA3CF8D16955}.Debug|Any CPU.ActiveCfg = Debug|Any CPU
		{03423D5A-CF17-4F91-BB1E-FA3CF8D16955}.Debug|Any CPU.Build.0 = Debug|Any CPU
		{03423D5A-CF17-4F91-BB1E-FA3CF8D16955}.Debug|ARM.ActiveCfg = Debug|Any CPU
		{03423D5A-CF17-4F91-BB1E-FA3CF8D16955}.Debug|ARM.Build.0 = Debug|Any CPU
		{03423D5A-CF17-4F91-BB1E-FA3CF8D16955}.Debug|ARM64.ActiveCfg = Debug|Any CPU
		{03423D5A-CF17-4F91-BB1E-FA3CF8D16955}.Debug|ARM64.Build.0 = Debug|Any CPU
		{03423D5A-CF17-4F91-BB1E-FA3CF8D16955}.Debug|x64.ActiveCfg = Debug|Any CPU
		{03423D5A-CF17-4F91-BB1E-FA3CF8D16955}.Debug|x64.Build.0 = Debug|Any CPU
		{03423D5A-CF17-4F91-BB1E-FA3CF8D16955}.Debug|x86.ActiveCfg = Debug|Any CPU
		{03423D5A-CF17-4F91-BB1E-FA3CF8D16955}.Debug|x86.Build.0 = Debug|Any CPU
		{03423D5A-CF17-4F91-BB1E-FA3CF8D16955}.Release|Any CPU.ActiveCfg = Release|Any CPU
		{03423D5A-CF17-4F91-BB1E-FA3CF8D16955}.Release|Any CPU.Build.0 = Release|Any CPU
		{03423D5A-CF17-4F91-BB1E-FA3CF8D16955}.Release|ARM.ActiveCfg = Release|Any CPU
		{03423D5A-CF17-4F91-BB1E-FA3CF8D16955}.Release|ARM.Build.0 = Release|Any CPU
		{03423D5A-CF17-4F91-BB1E-FA3CF8D16955}.Release|ARM64.ActiveCfg = Release|Any CPU
		{03423D5A-CF17-4F91-BB1E-FA3CF8D16955}.Release|ARM64.Build.0 = Release|Any CPU
		{03423D5A-CF17-4F91-BB1E-FA3CF8D16955}.Release|x64.ActiveCfg = Release|Any CPU
		{03423D5A-CF17-4F91-BB1E-FA3CF8D16955}.Release|x64.Build.0 = Release|Any CPU
		{03423D5A-CF17-4F91-BB1E-FA3CF8D16955}.Release|x86.ActiveCfg = Release|Any CPU
		{03423D5A-CF17-4F91-BB1E-FA3CF8D16955}.Release|x86.Build.0 = Release|Any CPU
		{5F149637-18D8-48EF-A14F-4E438F8657B7}.Debug|Any CPU.ActiveCfg = Debug|x86
		{5F149637-18D8-48EF-A14F-4E438F8657B7}.Debug|ARM.ActiveCfg = Debug|ARM
		{5F149637-18D8-48EF-A14F-4E438F8657B7}.Debug|ARM.Build.0 = Debug|ARM
		{5F149637-18D8-48EF-A14F-4E438F8657B7}.Debug|ARM.Deploy.0 = Debug|ARM
		{5F149637-18D8-48EF-A14F-4E438F8657B7}.Debug|ARM64.ActiveCfg = Debug|x86
		{5F149637-18D8-48EF-A14F-4E438F8657B7}.Debug|x64.ActiveCfg = Debug|x64
		{5F149637-18D8-48EF-A14F-4E438F8657B7}.Debug|x64.Build.0 = Debug|x64
		{5F149637-18D8-48EF-A14F-4E438F8657B7}.Debug|x64.Deploy.0 = Debug|x64
		{5F149637-18D8-48EF-A14F-4E438F8657B7}.Debug|x86.ActiveCfg = Debug|x86
		{5F149637-18D8-48EF-A14F-4E438F8657B7}.Debug|x86.Build.0 = Debug|x86
		{5F149637-18D8-48EF-A14F-4E438F8657B7}.Debug|x86.Deploy.0 = Debug|x86
		{5F149637-18D8-48EF-A14F-4E438F8657B7}.Release|Any CPU.ActiveCfg = Release|x86
		{5F149637-18D8-48EF-A14F-4E438F8657B7}.Release|ARM.ActiveCfg = Release|ARM
		{5F149637-18D8-48EF-A14F-4E438F8657B7}.Release|ARM.Build.0 = Release|ARM
		{5F149637-18D8-48EF-A14F-4E438F8657B7}.Release|ARM.Deploy.0 = Release|ARM
		{5F149637-18D8-48EF-A14F-4E438F8657B7}.Release|ARM64.ActiveCfg = Release|x86
		{5F149637-18D8-48EF-A14F-4E438F8657B7}.Release|x64.ActiveCfg = Release|x64
		{5F149637-18D8-48EF-A14F-4E438F8657B7}.Release|x64.Build.0 = Release|x64
		{5F149637-18D8-48EF-A14F-4E438F8657B7}.Release|x64.Deploy.0 = Release|x64
		{5F149637-18D8-48EF-A14F-4E438F8657B7}.Release|x86.ActiveCfg = Release|x86
		{5F149637-18D8-48EF-A14F-4E438F8657B7}.Release|x86.Build.0 = Release|x86
		{5F149637-18D8-48EF-A14F-4E438F8657B7}.Release|x86.Deploy.0 = Release|x86
		{FEDF3EA9-1253-47AF-BC15-602A62FC0C73}.Debug|Any CPU.ActiveCfg = Debug|Any CPU
		{FEDF3EA9-1253-47AF-BC15-602A62FC0C73}.Debug|Any CPU.Build.0 = Debug|Any CPU
		{FEDF3EA9-1253-47AF-BC15-602A62FC0C73}.Debug|ARM.ActiveCfg = Debug|ARM
		{FEDF3EA9-1253-47AF-BC15-602A62FC0C73}.Debug|ARM.Build.0 = Debug|ARM
		{FEDF3EA9-1253-47AF-BC15-602A62FC0C73}.Debug|ARM64.ActiveCfg = Debug|ARM64
		{FEDF3EA9-1253-47AF-BC15-602A62FC0C73}.Debug|ARM64.Build.0 = Debug|ARM64
		{FEDF3EA9-1253-47AF-BC15-602A62FC0C73}.Debug|x64.ActiveCfg = Debug|x64
		{FEDF3EA9-1253-47AF-BC15-602A62FC0C73}.Debug|x64.Build.0 = Debug|x64
		{FEDF3EA9-1253-47AF-BC15-602A62FC0C73}.Debug|x86.ActiveCfg = Debug|x86
		{FEDF3EA9-1253-47AF-BC15-602A62FC0C73}.Debug|x86.Build.0 = Debug|x86
		{FEDF3EA9-1253-47AF-BC15-602A62FC0C73}.Release|Any CPU.ActiveCfg = Release|Any CPU
		{FEDF3EA9-1253-47AF-BC15-602A62FC0C73}.Release|Any CPU.Build.0 = Release|Any CPU
		{FEDF3EA9-1253-47AF-BC15-602A62FC0C73}.Release|ARM.ActiveCfg = Release|ARM
		{FEDF3EA9-1253-47AF-BC15-602A62FC0C73}.Release|ARM.Build.0 = Release|ARM
		{FEDF3EA9-1253-47AF-BC15-602A62FC0C73}.Release|ARM64.ActiveCfg = Release|ARM64
		{FEDF3EA9-1253-47AF-BC15-602A62FC0C73}.Release|ARM64.Build.0 = Release|ARM64
		{FEDF3EA9-1253-47AF-BC15-602A62FC0C73}.Release|x64.ActiveCfg = Release|x64
		{FEDF3EA9-1253-47AF-BC15-602A62FC0C73}.Release|x64.Build.0 = Release|x64
		{FEDF3EA9-1253-47AF-BC15-602A62FC0C73}.Release|x86.ActiveCfg = Release|x86
		{FEDF3EA9-1253-47AF-BC15-602A62FC0C73}.Release|x86.Build.0 = Release|x86
	EndGlobalSection
	GlobalSection(SolutionProperties) = preSolution
		HideSolutionNode = FALSE
	EndGlobalSection
	GlobalSection(ExtensibilityGlobals) = postSolution
		SolutionGuid = {25464D55-0751-40EC-8496-0E051C033411}
	EndGlobalSection
EndGlobal
